// !$*UTF8*$!
{
	archiveVersion = 1;
	classes = {
	};
	objectVersion = 77;
	objects = {

/* Begin PBXBuildFile section */
		025E9780186C2243EC3BD38F /* Pods_TestCaseBragi.framework in Frameworks */ = {isa = PBXBuildFile; fileRef = 9AC67F95522B4CF5D5E8A1F9 /* Pods_TestCaseBragi.framework */; };
/* End PBXBuildFile section */

/* Begin PBXFileReference section */
		033ABEFE4FAAE754FA45E59E /* Pods-TestCaseBragi.debug.xcconfig */ = {isa = PBXFileReference; includeInIndex = 1; lastKnownFileType = text.xcconfig; name = "Pods-TestCaseBragi.debug.xcconfig"; path = "Target Support Files/Pods-TestCaseBragi/Pods-TestCaseBragi.debug.xcconfig"; sourceTree = "<group>"; };
		1F1081C8179EA6E0C3B485C0 /* Pods-TestCaseBragiTests.release.xcconfig */ = {isa = PBXFileReference; includeInIndex = 1; lastKnownFileType = text.xcconfig; name = "Pods-TestCaseBragiTests.release.xcconfig"; path = "Target Support Files/Pods-TestCaseBragiTests/Pods-TestCaseBragiTests.release.xcconfig"; sourceTree = "<group>"; };
		32DF2EDEC1622450FCF5FF12 /* Pods_TestCaseBragiTests.framework */ = {isa = PBXFileReference; explicitFileType = wrapper.framework; includeInIndex = 0; path = Pods_TestCaseBragiTests.framework; sourceTree = BUILT_PRODUCTS_DIR; };
		9A056FCC2DBFDEBA004765ED /* TestCaseBragi.app */ = {isa = PBXFileReference; explicitFileType = wrapper.application; includeInIndex = 0; path = TestCaseBragi.app; sourceTree = BUILT_PRODUCTS_DIR; };
		9AC67F95522B4CF5D5E8A1F9 /* Pods_TestCaseBragi.framework */ = {isa = PBXFileReference; explicitFileType = wrapper.framework; includeInIndex = 0; path = Pods_TestCaseBragi.framework; sourceTree = BUILT_PRODUCTS_DIR; };
		A293671122C34208CC1252F3 /* Pods-TestCaseBragi.release.xcconfig */ = {isa = PBXFileReference; includeInIndex = 1; lastKnownFileType = text.xcconfig; name = "Pods-TestCaseBragi.release.xcconfig"; path = "Target Support Files/Pods-TestCaseBragi/Pods-TestCaseBragi.release.xcconfig"; sourceTree = "<group>"; };
		AD5C8509365E858C177B6100 /* Pods-TestCaseBragiTests.debug.xcconfig */ = {isa = PBXFileReference; includeInIndex = 1; lastKnownFileType = text.xcconfig; name = "Pods-TestCaseBragiTests.debug.xcconfig"; path = "Target Support Files/Pods-TestCaseBragiTests/Pods-TestCaseBragiTests.debug.xcconfig"; sourceTree = "<group>"; };
		B0BCEAC42A5A22CBEEEA64DC /* Pods_TestCaseBragi_TestCaseBragiUITests.framework */ = {isa = PBXFileReference; explicitFileType = wrapper.framework; includeInIndex = 0; path = Pods_TestCaseBragi_TestCaseBragiUITests.framework; sourceTree = BUILT_PRODUCTS_DIR; };
		BF4E6AF10BFCD152CA003CF4 /* Pods-TestCaseBragi-TestCaseBragiUITests.release.xcconfig */ = {isa = PBXFileReference; includeInIndex = 1; lastKnownFileType = text.xcconfig; name = "Pods-TestCaseBragi-TestCaseBragiUITests.release.xcconfig"; path = "Target Support Files/Pods-TestCaseBragi-TestCaseBragiUITests/Pods-TestCaseBragi-TestCaseBragiUITests.release.xcconfig"; sourceTree = "<group>"; };
		ECE03C757C87FE1583D50DD5 /* Pods-TestCaseBragi-TestCaseBragiUITests.debug.xcconfig */ = {isa = PBXFileReference; includeInIndex = 1; lastKnownFileType = text.xcconfig; name = "Pods-TestCaseBragi-TestCaseBragiUITests.debug.xcconfig"; path = "Target Support Files/Pods-TestCaseBragi-TestCaseBragiUITests/Pods-TestCaseBragi-TestCaseBragiUITests.debug.xcconfig"; sourceTree = "<group>"; };
/* End PBXFileReference section */

/* Begin PBXFileSystemSynchronizedBuildFileExceptionSet section */
		9A056FF42DBFDEBB004765ED /* Exceptions for "TestCaseBragi" folder in "TestCaseBragi" target */ = {
			isa = PBXFileSystemSynchronizedBuildFileExceptionSet;
			membershipExceptions = (
				Info.plist,
			);
			target = 9A056FCB2DBFDEBA004765ED /* TestCaseBragi */;
		};
/* End PBXFileSystemSynchronizedBuildFileExceptionSet section */

/* Begin PBXFileSystemSynchronizedRootGroup section */
		9A056FCE2DBFDEBA004765ED /* TestCaseBragi */ = {
			isa = PBXFileSystemSynchronizedRootGroup;
			exceptions = (
				9A056FF42DBFDEBB004765ED /* Exceptions for "TestCaseBragi" folder in "TestCaseBragi" target */,
			);
			path = TestCaseBragi;
			sourceTree = "<group>";
		};
/* End PBXFileSystemSynchronizedRootGroup section */

/* Begin PBXFrameworksBuildPhase section */
		9A056FC92DBFDEBA004765ED /* Frameworks */ = {
			isa = PBXFrameworksBuildPhase;
			buildActionMask = 2147483647;
			files = (
				025E9780186C2243EC3BD38F /* Pods_TestCaseBragi.framework in Frameworks */,
			);
			runOnlyForDeploymentPostprocessing = 0;
		};
/* End PBXFrameworksBuildPhase section */

/* Begin PBXGroup section */
		9A056FC32DBFDEBA004765ED = {
			isa = PBXGroup;
			children = (
				9A056FCE2DBFDEBA004765ED /* TestCaseBragi */,
				9A056FCD2DBFDEBA004765ED /* Products */,
				C01FA8D7D47186CB6414E142 /* Pods */,
				9F43C468163C754B1BF482AA /* Frameworks */,
			);
			sourceTree = "<group>";
		};
		9A056FCD2DBFDEBA004765ED /* Products */ = {
			isa = PBXGroup;
			children = (
				9A056FCC2DBFDEBA004765ED /* TestCaseBragi.app */,
			);
			name = Products;
			sourceTree = "<group>";
		};
		9F43C468163C754B1BF482AA /* Frameworks */ = {
			isa = PBXGroup;
			children = (
				9AC67F95522B4CF5D5E8A1F9 /* Pods_TestCaseBragi.framework */,
				B0BCEAC42A5A22CBEEEA64DC /* Pods_TestCaseBragi_TestCaseBragiUITests.framework */,
				32DF2EDEC1622450FCF5FF12 /* Pods_TestCaseBragiTests.framework */,
			);
			name = Frameworks;
			sourceTree = "<group>";
		};
		C01FA8D7D47186CB6414E142 /* Pods */ = {
			isa = PBXGroup;
			children = (
				033ABEFE4FAAE754FA45E59E /* Pods-TestCaseBragi.debug.xcconfig */,
				A293671122C34208CC1252F3 /* Pods-TestCaseBragi.release.xcconfig */,
				ECE03C757C87FE1583D50DD5 /* Pods-TestCaseBragi-TestCaseBragiUITests.debug.xcconfig */,
				BF4E6AF10BFCD152CA003CF4 /* Pods-TestCaseBragi-TestCaseBragiUITests.release.xcconfig */,
				AD5C8509365E858C177B6100 /* Pods-TestCaseBragiTests.debug.xcconfig */,
				1F1081C8179EA6E0C3B485C0 /* Pods-TestCaseBragiTests.release.xcconfig */,
			);
			path = Pods;
			sourceTree = "<group>";
		};
/* End PBXGroup section */

/* Begin PBXNativeTarget section */
		9A056FCB2DBFDEBA004765ED /* TestCaseBragi */ = {
			isa = PBXNativeTarget;
			buildConfigurationList = 9A056FF52DBFDEBB004765ED /* Build configuration list for PBXNativeTarget "TestCaseBragi" */;
			buildPhases = (
				48C9AE010265943954F751C9 /* [CP] Check Pods Manifest.lock */,
				9A056FC82DBFDEBA004765ED /* Sources */,
				9A056FC92DBFDEBA004765ED /* Frameworks */,
				9A056FCA2DBFDEBA004765ED /* Resources */,
				92A8DC086FBF09F8D50B4BEF /* [CP] Embed Pods Frameworks */,
			);
			buildRules = (
			);
			dependencies = (
			);
			fileSystemSynchronizedGroups = (
				9A056FCE2DBFDEBA004765ED /* TestCaseBragi */,
			);
			name = TestCaseBragi;
			productName = TestCaseBragi;
			productReference = 9A056FCC2DBFDEBA004765ED /* TestCaseBragi.app */;
			productType = "com.apple.product-type.application";
		};
/* End PBXNativeTarget section */

/* Begin PBXProject section */
		9A056FC42DBFDEBA004765ED /* Project object */ = {
			isa = PBXProject;
			attributes = {
				BuildIndependentTargetsInParallel = 1;
				LastSwiftUpdateCheck = 1630;
				LastUpgradeCheck = 1630;
				TargetAttributes = {
					9A056FCB2DBFDEBA004765ED = {
						CreatedOnToolsVersion = 16.3;
					};
				};
			};
			buildConfigurationList = 9A056FC72DBFDEBA004765ED /* Build configuration list for PBXProject "TestCaseBragi" */;
			developmentRegion = en;
			hasScannedForEncodings = 0;
			knownRegions = (
				en,
				Base,
			);
			mainGroup = 9A056FC32DBFDEBA004765ED;
			minimizedProjectReferenceProxies = 1;
			preferredProjectObjectVersion = 77;
			productRefGroup = 9A056FCD2DBFDEBA004765ED /* Products */;
			projectDirPath = "";
			projectRoot = "";
			targets = (
				9A056FCB2DBFDEBA004765ED /* TestCaseBragi */,
			);
		};
/* End PBXProject section */

/* Begin PBXResourcesBuildPhase section */
		9A056FCA2DBFDEBA004765ED /* Resources */ = {
			isa = PBXResourcesBuildPhase;
			buildActionMask = 2147483647;
			files = (
			);
			runOnlyForDeploymentPostprocessing = 0;
		};
/* End PBXResourcesBuildPhase section */

/* Begin PBXShellScriptBuildPhase section */
		48C9AE010265943954F751C9 /* [CP] Check Pods Manifest.lock */ = {
			isa = PBXShellScriptBuildPhase;
			buildActionMask = 2147483647;
			files = (
			);
			inputFileListPaths = (
			);
			inputPaths = (
				"${PODS_PODFILE_DIR_PATH}/Podfile.lock",
				"${PODS_ROOT}/Manifest.lock",
			);
			name = "[CP] Check Pods Manifest.lock";
			outputFileListPaths = (
			);
			outputPaths = (
				"$(DERIVED_FILE_DIR)/Pods-TestCaseBragi-checkManifestLockResult.txt",
			);
			runOnlyForDeploymentPostprocessing = 0;
			shellPath = /bin/sh;
			shellScript = "diff \"${PODS_PODFILE_DIR_PATH}/Podfile.lock\" \"${PODS_ROOT}/Manifest.lock\" > /dev/null\nif [ $? != 0 ] ; then\n    # print error to STDERR\n    echo \"error: The sandbox is not in sync with the Podfile.lock. Run 'pod install' or update your CocoaPods installation.\" >&2\n    exit 1\nfi\n# This output is used by Xcode 'outputs' to avoid re-running this script phase.\necho \"SUCCESS\" > \"${SCRIPT_OUTPUT_FILE_0}\"\n";
			showEnvVarsInLog = 0;
		};
		92A8DC086FBF09F8D50B4BEF /* [CP] Embed Pods Frameworks */ = {
			isa = PBXShellScriptBuildPhase;
			buildActionMask = 2147483647;
			files = (
			);
			inputFileListPaths = (
				"${PODS_ROOT}/Target Support Files/Pods-TestCaseBragi/Pods-TestCaseBragi-frameworks-${CONFIGURATION}-input-files.xcfilelist",
			);
			inputPaths = (
			);
			name = "[CP] Embed Pods Frameworks";
			outputFileListPaths = (
				"${PODS_ROOT}/Target Support Files/Pods-TestCaseBragi/Pods-TestCaseBragi-frameworks-${CONFIGURATION}-output-files.xcfilelist",
			);
			outputPaths = (
			);
			runOnlyForDeploymentPostprocessing = 0;
			shellPath = /bin/sh;
			shellScript = "\"${PODS_ROOT}/Target Support Files/Pods-TestCaseBragi/Pods-TestCaseBragi-frameworks.sh\"\n";
			showEnvVarsInLog = 0;
		};
/* End PBXShellScriptBuildPhase section */

/* Begin PBXSourcesBuildPhase section */
		9A056FC82DBFDEBA004765ED /* Sources */ = {
			isa = PBXSourcesBuildPhase;
			buildActionMask = 2147483647;
			files = (
			);
			runOnlyForDeploymentPostprocessing = 0;
		};
/* End PBXSourcesBuildPhase section */

/* Begin XCBuildConfiguration section */
		9A056FF62DBFDEBB004765ED /* Debug */ = {
			isa = XCBuildConfiguration;
			baseConfigurationReference = 033ABEFE4FAAE754FA45E59E /* Pods-TestCaseBragi.debug.xcconfig */;
			buildSettings = {
				ASSETCATALOG_COMPILER_APPICON_NAME = AppIcon;
				ASSETCATALOG_COMPILER_GLOBAL_ACCENT_COLOR_NAME = AccentColor;
				CODE_SIGN_STYLE = Automatic;
				CURRENT_PROJECT_VERSION = 1;
				DEVELOPMENT_TEAM = 8F895HZ77T;
				ENABLE_USER_SCRIPT_SANDBOXING = NO;
				GENERATE_INFOPLIST_FILE = YES;
				INFOPLIST_FILE = TestCaseBragi/Info.plist;
				INFOPLIST_KEY_UIApplicationSupportsIndirectInputEvents = YES;
				INFOPLIST_KEY_UILaunchStoryboardName = LaunchScreen;
				INFOPLIST_KEY_UIMainStoryboardFile = "";
				INFOPLIST_KEY_UISupportedInterfaceOrientations_iPad = "UIInterfaceOrientationPortrait UIInterfaceOrientationPortraitUpsideDown UIInterfaceOrientationLandscapeLeft UIInterfaceOrientationLandscapeRight";
				INFOPLIST_KEY_UISupportedInterfaceOrientations_iPhone = "UIInterfaceOrientationPortrait UIInterfaceOrientationLandscapeLeft UIInterfaceOrientationLandscapeRight";
				IPHONEOS_DEPLOYMENT_TARGET = 14;
				LD_RUNPATH_SEARCH_PATHS = (
					"$(inherited)",
					"@executable_path/Frameworks",
				);
				MARKETING_VERSION = 1.0;
				PRODUCT_BUNDLE_IDENTIFIER = polinqva.TestCaseBragi;
				PRODUCT_NAME = "$(TARGET_NAME)";
				SWIFT_EMIT_LOC_STRINGS = YES;
				SWIFT_VERSION = 5.0;
				TARGETED_DEVICE_FAMILY = "1,2";
			};
			name = Debug;
		};
		9A056FF72DBFDEBB004765ED /* Release */ = {
			isa = XCBuildConfiguration;
			baseConfigurationReference = A293671122C34208CC1252F3 /* Pods-TestCaseBragi.release.xcconfig */;
			buildSettings = {
				ASSETCATALOG_COMPILER_APPICON_NAME = AppIcon;
				ASSETCATALOG_COMPILER_GLOBAL_ACCENT_COLOR_NAME = AccentColor;
				CODE_SIGN_STYLE = Automatic;
				CURRENT_PROJECT_VERSION = 1;
				DEVELOPMENT_TEAM = 8F895HZ77T;
				ENABLE_USER_SCRIPT_SANDBOXING = NO;
				GENERATE_INFOPLIST_FILE = YES;
				INFOPLIST_FILE = TestCaseBragi/Info.plist;
				INFOPLIST_KEY_UIApplicationSupportsIndirectInputEvents = YES;
				INFOPLIST_KEY_UILaunchStoryboardName = LaunchScreen;
				INFOPLIST_KEY_UIMainStoryboardFile = "";
				INFOPLIST_KEY_UISupportedInterfaceOrientations_iPad = "UIInterfaceOrientationPortrait UIInterfaceOrientationPortraitUpsideDown UIInterfaceOrientationLandscapeLeft UIInterfaceOrientationLandscapeRight";
				INFOPLIST_KEY_UISupportedInterfaceOrientations_iPhone = "UIInterfaceOrientationPortrait UIInterfaceOrientationLandscapeLeft UIInterfaceOrientationLandscapeRight";
				IPHONEOS_DEPLOYMENT_TARGET = 14;
				LD_RUNPATH_SEARCH_PATHS = (
					"$(inherited)",
					"@executable_path/Frameworks",
				);
				MARKETING_VERSION = 1.0;
				PRODUCT_BUNDLE_IDENTIFIER = polinqva.TestCaseBragi;
				PRODUCT_NAME = "$(TARGET_NAME)";
				SWIFT_EMIT_LOC_STRINGS = YES;
				SWIFT_VERSION = 5.0;
				TARGETED_DEVICE_FAMILY = "1,2";
			};
			name = Release;
		};
		9A056FF82DBFDEBB004765ED /* Debug */ = {
			isa = XCBuildConfiguration;
			buildSettings = {
				ALWAYS_SEARCH_USER_PATHS = NO;
				ASSETCATALOG_COMPILER_GENERATE_SWIFT_ASSET_SYMBOL_EXTENSIONS = YES;
				CLANG_ANALYZER_NONNULL = YES;
				CLANG_ANALYZER_NUMBER_OBJECT_CONVERSION = YES_AGGRESSIVE;
				CLANG_CXX_LANGUAGE_STANDARD = "gnu++20";
				CLANG_ENABLE_MODULES = YES;
				CLANG_ENABLE_OBJC_ARC = YES;
				CLANG_ENABLE_OBJC_WEAK = YES;
				CLANG_WARN_BLOCK_CAPTURE_AUTORELEASING = YES;
				CLANG_WARN_BOOL_CONVERSION = YES;
				CLANG_WARN_COMMA = YES;
				CLANG_WARN_CONSTANT_CONVERSION = YES;
				CLANG_WARN_DEPRECATED_OBJC_IMPLEMENTATIONS = YES;
				CLANG_WARN_DIRECT_OBJC_ISA_USAGE = YES_ERROR;
				CLANG_WARN_DOCUMENTATION_COMMENTS = YES;
				CLANG_WARN_EMPTY_BODY = YES;
				CLANG_WARN_ENUM_CONVERSION = YES;
				CLANG_WARN_INFINITE_RECURSION = YES;
				CLANG_WARN_INT_CONVERSION = YES;
				CLANG_WARN_NON_LITERAL_NULL_CONVERSION = YES;
				CLANG_WARN_OBJC_IMPLICIT_RETAIN_SELF = YES;
				CLANG_WARN_OBJC_LITERAL_CONVERSION = YES;
				CLANG_WARN_OBJC_ROOT_CLASS = YES_ERROR;
				CLANG_WARN_QUOTED_INCLUDE_IN_FRAMEWORK_HEADER = YES;
				CLANG_WARN_RANGE_LOOP_ANALYSIS = YES;
				CLANG_WARN_STRICT_PROTOTYPES = YES;
				CLANG_WARN_SUSPICIOUS_MOVE = YES;
				CLANG_WARN_UNGUARDED_AVAILABILITY = YES_AGGRESSIVE;
				CLANG_WARN_UNREACHABLE_CODE = YES;
				CLANG_WARN__DUPLICATE_METHOD_MATCH = YES;
				COPY_PHASE_STRIP = NO;
				DEBUG_INFORMATION_FORMAT = dwarf;
				DEVELOPMENT_TEAM = 8F895HZ77T;
				ENABLE_STRICT_OBJC_MSGSEND = YES;
				ENABLE_TESTABILITY = YES;
				ENABLE_USER_SCRIPT_SANDBOXING = YES;
				GCC_C_LANGUAGE_STANDARD = gnu17;
				GCC_DYNAMIC_NO_PIC = NO;
				GCC_NO_COMMON_BLOCKS = YES;
				GCC_OPTIMIZATION_LEVEL = 0;
				GCC_PREPROCESSOR_DEFINITIONS = (
					"DEBUG=1",
					"$(inherited)",
				);
				GCC_WARN_64_TO_32_BIT_CONVERSION = YES;
				GCC_WARN_ABOUT_RETURN_TYPE = YES_ERROR;
				GCC_WARN_UNDECLARED_SELECTOR = YES;
				GCC_WARN_UNINITIALIZED_AUTOS = YES_AGGRESSIVE;
				GCC_WARN_UNUSED_FUNCTION = YES;
				GCC_WARN_UNUSED_VARIABLE = YES;
				IPHONEOS_DEPLOYMENT_TARGET = 18.4;
				LOCALIZATION_PREFERS_STRING_CATALOGS = YES;
				MTL_ENABLE_DEBUG_INFO = INCLUDE_SOURCE;
				MTL_FAST_MATH = YES;
				ONLY_ACTIVE_ARCH = YES;
				SDKROOT = iphoneos;
				SWIFT_ACTIVE_COMPILATION_CONDITIONS = "DEBUG $(inherited)";
				SWIFT_OPTIMIZATION_LEVEL = "-Onone";
			};
			name = Debug;
		};
		9A056FF92DBFDEBB004765ED /* Release */ = {
			isa = XCBuildConfiguration;
			buildSettings = {
				ALWAYS_SEARCH_USER_PATHS = NO;
				ASSETCATALOG_COMPILER_GENERATE_SWIFT_ASSET_SYMBOL_EXTENSIONS = YES;
				CLANG_ANALYZER_NONNULL = YES;
				CLANG_ANALYZER_NUMBER_OBJECT_CONVERSION = YES_AGGRESSIVE;
				CLANG_CXX_LANGUAGE_STANDARD = "gnu++20";
				CLANG_ENABLE_MODULES = YES;
				CLANG_ENABLE_OBJC_ARC = YES;
				CLANG_ENABLE_OBJC_WEAK = YES;
				CLANG_WARN_BLOCK_CAPTURE_AUTORELEASING = YES;
				CLANG_WARN_BOOL_CONVERSION = YES;
				CLANG_WARN_COMMA = YES;
				CLANG_WARN_CONSTANT_CONVERSION = YES;
				CLANG_WARN_DEPRECATED_OBJC_IMPLEMENTATIONS = YES;
				CLANG_WARN_DIRECT_OBJC_ISA_USAGE = YES_ERROR;
				CLANG_WARN_DOCUMENTATION_COMMENTS = YES;
				CLANG_WARN_EMPTY_BODY = YES;
				CLANG_WARN_ENUM_CONVERSION = YES;
				CLANG_WARN_INFINITE_RECURSION = YES;
				CLANG_WARN_INT_CONVERSION = YES;
				CLANG_WARN_NON_LITERAL_NULL_CONVERSION = YES;
				CLANG_WARN_OBJC_IMPLICIT_RETAIN_SELF = YES;
				CLANG_WARN_OBJC_LITERAL_CONVERSION = YES;
				CLANG_WARN_OBJC_ROOT_CLASS = YES_ERROR;
				CLANG_WARN_QUOTED_INCLUDE_IN_FRAMEWORK_HEADER = YES;
				CLANG_WARN_RANGE_LOOP_ANALYSIS = YES;
				CLANG_WARN_STRICT_PROTOTYPES = YES;
				CLANG_WARN_SUSPICIOUS_MOVE = YES;
				CLANG_WARN_UNGUARDED_AVAILABILITY = YES_AGGRESSIVE;
				CLANG_WARN_UNREACHABLE_CODE = YES;
				CLANG_WARN__DUPLICATE_METHOD_MATCH = YES;
				COPY_PHASE_STRIP = NO;
				DEBUG_INFORMATION_FORMAT = "dwarf-with-dsym";
				DEVELOPMENT_TEAM = 8F895HZ77T;
				ENABLE_NS_ASSERTIONS = NO;
				ENABLE_STRICT_OBJC_MSGSEND = YES;
				ENABLE_USER_SCRIPT_SANDBOXING = YES;
				GCC_C_LANGUAGE_STANDARD = gnu17;
				GCC_NO_COMMON_BLOCKS = YES;
				GCC_WARN_64_TO_32_BIT_CONVERSION = YES;
				GCC_WARN_ABOUT_RETURN_TYPE = YES_ERROR;
				GCC_WARN_UNDECLARED_SELECTOR = YES;
				GCC_WARN_UNINITIALIZED_AUTOS = YES_AGGRESSIVE;
				GCC_WARN_UNUSED_FUNCTION = YES;
				GCC_WARN_UNUSED_VARIABLE = YES;
				IPHONEOS_DEPLOYMENT_TARGET = 18.4;
				LOCALIZATION_PREFERS_STRING_CATALOGS = YES;
				MTL_ENABLE_DEBUG_INFO = NO;
				MTL_FAST_MATH = YES;
				SDKROOT = iphoneos;
				SWIFT_COMPILATION_MODE = wholemodule;
				VALIDATE_PRODUCT = YES;
			};
			name = Release;
		};
/* End XCBuildConfiguration section */

/* Begin XCConfigurationList section */
		9A056FC72DBFDEBA004765ED /* Build configuration list for PBXProject "TestCaseBragi" */ = {
			isa = XCConfigurationList;
			buildConfigurations = (
				9A056FF82DBFDEBB004765ED /* Debug */,
				9A056FF92DBFDEBB004765ED /* Release */,
			);
			defaultConfigurationIsVisible = 0;
			defaultConfigurationName = Release;
		};
		9A056FF52DBFDEBB004765ED /* Build configuration list for PBXNativeTarget "TestCaseBragi" */ = {
			isa = XCConfigurationList;
			buildConfigurations = (
				9A056FF62DBFDEBB004765ED /* Debug */,
				9A056FF72DBFDEBB004765ED /* Release */,
			);
			defaultConfigurationIsVisible = 0;
			defaultConfigurationName = Release;
		};
/* End XCConfigurationList section */
	};
	rootObject = 9A056FC42DBFDEBA004765ED /* Project object */;
}
